# This file is automatically @generated by Cargo.
# It is not intended for manual editing.
[[package]]
name = "consensus"
version = "0.1.0"

[[package]]
name = "crypto"
version = "0.1.0"

[[package]]
name = "db"
version = "0.1.0"

[[package]]
name = "log"
version = "0.1.0"

[[package]]
name = "node"
version = "0.1.0"

[[package]]
name = "p2p"
version = "0.1.0"

[[package]]
name = "rpc"
version = "0.1.0"

[[package]]
name = "wallet"
version = "0.1.0"
